<Solution>
  <Folder Name="/benchmarks/">
    <Project Path="benchmarks/DCoding.Data.DVault.Benchmarks/DCoding.Data.DVault.Benchmarks.csproj" />
  </Folder>
  <Folder Name="/src/">
    <Project Path="src/DCoding.Data/DCoding.Data.csproj" />
    <Project Path="src/DCoding.Data.DVault/DCoding.Data.DVault.csproj" />
    <Project Path="src/DCoding.Data.DVault.MySql/DCoding.Data.DVault.MySql.csproj" />
    <Project Path="src/DCoding.Data.DVault.Oracle/DCoding.Data.DVault.Oracle.csproj" />
    <Project Path="src/DCoding.Data.DVault.Postgres/DCoding.Data.DVault.Postgres.csproj" />
    <Project Path="src/DCoding.Data.DVault.Sqlite/DCoding.Data.DVault.Sqlite.csproj" />
    <Project Path="src/DCoding.Data.DVault.SqlServer/DCoding.Data.DVault.SqlServer.csproj" />
  </Folder>
  <Folder Name="/tests/" />
  <Folder Name="/tests/DCoding.Data.DVault.Tests/" />
  <Folder Name="/tests/DCoding.Data.DVault.Tests/Integration/">
    <Project Path="tests/DCoding.Data.DVault.Tests/Integration/DCoding.Data.DVault.Tests.Integration.csproj" />
  </Folder>
  <Folder Name="/tests/DCoding.Data.DVault.Tests/Modeling/">
    <Project Path="tests/DCoding.Data.DVault.Tests/Modeling/DCoding.Data.DVault.Tests.Modeling.csproj" />
  </Folder>
  <Folder Name="/tests/DCoding.Data.DVault.Tests/Shared/">
    <Project Path="tests/DCoding.Data.DVault.Tests/Shared/DCoding.Data.DVault.Tests.Shared.csproj" />
  </Folder>
  <Folder Name="/tests/DCoding.Data.DVault.Tests/Unit/">
    <Project Path="tests/DCoding.Data.DVault.Tests/Unit/DCoding.Data.DVault.Tests.Unit.csproj" />
  </Folder>
  <Folder Name="/tools/">
    <Project Path="tools/DCoding.Data.DVault.PackageVerification/DCoding.Data.DVault.PackageVerification.csproj" />
  </Folder>
</Solution>
